
Microsoft Visual Studio Solution File, Format Version 12.00
# Visual Studio Version 16
VisualStudioVersion = 16.0.30709.64
MinimumVisualStudioVersion = 10.0.40219.1
Project("{FAE04EC0-301F-11D3-BF4B-00C04F79EFBC}") = "RPGToolsMTARevised", "RPGToolsMTARevised.csproj", "{9BA00BE0-9C45-45C8-B098-568E68F6E2E1}"
EndProject
Global
	GlobalSection(SolutionConfigurationPlatforms) = preSolution
		Debug|Any CPU = Debug|Any CPU
		Release|Any CPU = Release|Any CPU
	EndGlobalSection
	GlobalSection(ProjectConfigurationPlatforms) = postSolution
		{9BA00BE0-9C45-45C8-B098-568E68F6E2E1}.Debug|Any CPU.ActiveCfg = Debug|Any CPU
		{9BA00BE0-9C45-45C8-B098-568E68F6E2E1}.Debug|Any CPU.Build.0 = Debug|Any CPU
		{9BA00BE0-9C45-45C8-B098-568E68F6E2E1}.Release|Any CPU.ActiveCfg = Release|Any CPU
		{9BA00BE0-9C45-45C8-B098-568E68F6E2E1}.Release|Any CPU.Build.0 = Release|Any CPU
	EndGlobalSection
	GlobalSection(SolutionProperties) = preSolution
		HideSolutionNode = FALSE
	EndGlobalSection
	GlobalSection(ExtensibilityGlobals) = postSolution
		SolutionGuid = {4ABD4A50-6B62-42F8-90F9-783F70725AD9}
	EndGlobalSection
EndGlobal
